lockfileVersion: '9.0'

settings:
  autoInstallPeers: true
  excludeLinksFromLockfile: false

importers:

  .:
    dependencies:
      '@types/deno':
        specifier: ^2.7.0
        version: 2.7.0
      h3:
        specifier: 2.0.1-rc.29
        version: 2.0.1-rc.29
      html-entities:
        specifier: ^2.6.0
        version: 2.6.0
      htmlrewriter:
        specifier: ^0.0.13
        version: 0.0.13

packages:

  '@types/deno@2.7.0':
    resolution: {integrity: sha512-Y6fWcV8KpYeO3Lik/RiYnUxtr/LWqoeACciU0CA+dr1U/45tGgaX3HWQQAPCNN53raN4Rr4Fht4y6qsUH57fDA==}

  h3@2.0.1-rc.29:
    resolution: {integrity: sha512-woEUYLvpUa9SzbBGOYn3GfsK/EU7JhoUeNc49B2an6mcO1aqg7P8VvWVUfa5Vkb8FxBh9ZAkU+/rJ5m5pTULUA==}
    engines: {node: '>=20.11.1'}
    hasBin: true
    peerDependencies:
      crossws: ^0.4.12
      ocache: '>=0.3.0'
    peerDependenciesMeta:
      crossws:
        optional: true
      ocache:
        optional: true

  html-entities@2.6.0:
    resolution: {integrity: sha512-kig+rMn/QOVRvr7c86gQ8lWXq+Hkv6CbAH1hLu+RG338StTpE8Z0b44SDVaqVu7HGKf27frdmUYEs9hTUX/cLQ==}

  htmlrewriter@0.0.13:
    resolution: {integrity: sha512-HPxT+y/i9RzNeKrJ6MBFXwB+FeTfHPfcBzoKHVnk3oiKn2s6x13tLoxjggI+0/yOSBG1n8SV//PGDBJYT/4XQw==}

  rou3@0.9.2:
    resolution: {integrity: sha512-3SOzvaAg8rkHrXtRjpCvCvbyO5to9oOO27Z/XqHEYXfMRVSw/qMIVdmaOk9W2lcRLtR6dlqTjo9hDeJk70QBYQ==}

  srvx@0.12.7:
    resolution: {integrity: sha512-PIaq1pDGg3EU2OGSN3pzRfYVu9MJDzLdojlGN6E3lvhAdxqn/lNMJFMA1xGA38jYkBb0V9xw02QEVVMDb0PExA==}
    engines: {node: '>=20.16.0'}
    hasBin: true

snapshots:

  '@types/deno@2.7.0': {}

  h3@2.0.1-rc.29:
    dependencies:
      rou3: 0.9.2
      srvx: 0.12.7

  html-entities@2.6.0: {}

  htmlrewriter@0.0.13: {}

  rou3@0.9.2: {}

  srvx@0.12.7: {}
