lockfileVersion: '9.0'

settings:
  autoInstallPeers: true
  excludeLinksFromLockfile: false

importers:

  .:
    dependencies:
      '@types/deno':
        specifier: ^2.7.0
        version: 2.7.0

packages:

  '@types/deno@2.7.0':
    resolution: {integrity: sha512-Y6fWcV8KpYeO3Lik/RiYnUxtr/LWqoeACciU0CA+dr1U/45tGgaX3HWQQAPCNN53raN4Rr4Fht4y6qsUH57fDA==}

snapshots:

  '@types/deno@2.7.0': {}
